{
  "lockfileVersion": 1,
  "configVersion": 0,
  "workspaces": {
    "": {
      "name": "copilot-lsp-stats",
      "dependencies": {
        "@github/copilot-language-server": "latest",
      },
      "devDependencies": {
        "@types/bun": "latest",
        "@types/node": "latest",
        "@typescript/native-preview": "latest",
      },
    },
  },
  "packages": {
    "@github/copilot-language-server": ["@github/copilot-language-server@1.498.0", "", { "dependencies": { "vscode-languageserver-protocol": "^3.17.5" }, "optionalDependencies": { "@github/copilot-language-server-darwin-arm64": "1.498.0", "@github/copilot-language-server-darwin-x64": "1.498.0", "@github/copilot-language-server-linux-arm64": "1.498.0", "@github/copilot-language-server-linux-x64": "1.498.0", "@github/copilot-language-server-win32-arm64": "1.498.0", "@github/copilot-language-server-win32-x64": "1.498.0" }, "bin": { "copilot-language-server": "dist/language-server.js" } }, "sha512-ua6Z227eFAaB3AVwUPR1TZIaY4gbb1g3AJfd473GUghGUd5lp3lqR8C+8q+Qf6uzPd2rAjPRplcysWeBuvyIWQ=="],

    "@github/copilot-language-server-darwin-arm64": ["@github/copilot-language-server-darwin-arm64@1.498.0", "", { "os": "darwin", "cpu": "arm64" }, "sha512-6PSDgOLgsxhteIH9xvfKl782gjflvdoPgiQm95sgwaUlL7HZZEy3x8LgttNNEoHs21btNmsGOQoIv+PMesXHmg=="],

    "@github/copilot-language-server-darwin-x64": ["@github/copilot-language-server-darwin-x64@1.498.0", "", { "os": "darwin", "cpu": "x64" }, "sha512-4VpOsCXwuSKDr+nAL698S2pDduEoqz/AKHK7NFyWYVkYbvNVEZ4HfveUn9YgFEcKgsFYPY5rYMh+IgRhCnne8A=="],

    "@github/copilot-language-server-linux-arm64": ["@github/copilot-language-server-linux-arm64@1.498.0", "", { "os": "linux", "cpu": "arm64" }, "sha512-kcVSR1YuiK0N03UdTx9kSE5HIaCFKpKlevd03nS9neSLKSq+ANO4G5oxnYmV+ZEP64dzsR5Sl+MNMm9lgnsA9w=="],

    "@github/copilot-language-server-linux-x64": ["@github/copilot-language-server-linux-x64@1.498.0", "", { "os": "linux", "cpu": "x64" }, "sha512-iyVjuDtvgZuMr5fumXkCTO4Yzar2rpqbxB58F94MRN2MJFmmpZ1u5BeLYGWAcJoM6fXQF/Si0SDkMUnbR6OC0g=="],

    "@github/copilot-language-server-win32-arm64": ["@github/copilot-language-server-win32-arm64@1.498.0", "", { "os": "win32", "cpu": "arm64" }, "sha512-f7pWp8rLSGpofH8c7J4HsjPFGeyzp2MG3DUE8qL0tu5brmfByv8Xv1DkqagasRVLrC3r+YD8hch1MDrDpUAADw=="],

    "@github/copilot-language-server-win32-x64": ["@github/copilot-language-server-win32-x64@1.498.0", "", { "os": "win32", "cpu": "x64" }, "sha512-LP+U9kf7GJ+RwPi66kyj89fAv1NVhggW3Jpa68HOu9w8FxgOUE8xrnpqxrxeyBZcLr6W93TJxstyB70uIzy03g=="],

    "@types/bun": ["@types/bun@1.3.14", "", { "dependencies": { "bun-types": "1.3.14" } }, "sha512-h1hFqFVcvAvD9j9K7ZW7vd82aSA+rTdznZa+5bwvCwqSB1jmmfLcbIWhOLx1/+boy/xmjgCs/OMUL8hRJSmnPw=="],

    "@types/node": ["@types/node@25.9.1", "", { "dependencies": { "undici-types": ">=7.24.0 <7.24.7" } }, "sha512-xfrlY7UD5rMJk3ZVJP8BNzS28J36YJg+xp+LPXV1TdWxr8uMH5A860QNxYDGQe/ylDSgjxE52Q9VnO7p75tJxg=="],

    "@typescript/native-preview": ["@typescript/native-preview@7.0.0-dev.20260601.1", "", { "optionalDependencies": { "@typescript/native-preview-darwin-arm64": "7.0.0-dev.20260601.1", "@typescript/native-preview-darwin-x64": "7.0.0-dev.20260601.1", "@typescript/native-preview-linux-arm": "7.0.0-dev.20260601.1", "@typescript/native-preview-linux-arm64": "7.0.0-dev.20260601.1", "@typescript/native-preview-linux-x64": "7.0.0-dev.20260601.1", "@typescript/native-preview-win32-arm64": "7.0.0-dev.20260601.1", "@typescript/native-preview-win32-x64": "7.0.0-dev.20260601.1" }, "bin": { "tsgo": "bin/tsgo.js" } }, "sha512-IAoqEMiW2aw3m74TLQbNI1V235p9Sk8XhvvKTw2U5YAOfkPEFZaoYFvmoqWA/d2OLap1D3atyNbtD/dub7Jn9g=="],

    "@typescript/native-preview-darwin-arm64": ["@typescript/native-preview-darwin-arm64@7.0.0-dev.20260601.1", "", { "os": "darwin", "cpu": "arm64" }, "sha512-d4PVG8gcotwb5eJiMK14GdFOXRCH3tx4nAJxBcwJ3ZxPJ8Se3eQ54NZMeuuulU9isMJgtVxusAgjI8Qkhg4xDg=="],

    "@typescript/native-preview-darwin-x64": ["@typescript/native-preview-darwin-x64@7.0.0-dev.20260601.1", "", { "os": "darwin", "cpu": "x64" }, "sha512-JJ34gLHbemqkRRuWshdWYL+WFXVYMmivRKD6qyHkhLGWmq3AmPaAsjNoscdaDRWU3GrQm1gI2hx8N+BpaJow7Q=="],

    "@typescript/native-preview-linux-arm": ["@typescript/native-preview-linux-arm@7.0.0-dev.20260601.1", "", { "os": "linux", "cpu": "arm" }, "sha512-8jMjFrryB4hosxgKY6R1RJA9imUvxwk99AoRcfmy4xHZ7pLQ/QgAxElZaISOT8/gXQfVWppfI2Sj5YakgiAqyQ=="],

    "@typescript/native-preview-linux-arm64": ["@typescript/native-preview-linux-arm64@7.0.0-dev.20260601.1", "", { "os": "linux", "cpu": "arm64" }, "sha512-Pr3/dVouvJ1So1buF6OZ5sUJ2Ij8BOX2vZXugJeoyeSgCjkhsZO4IJ3hW87aY3KpFrgJMLimKy2Ud1S3o9wPxQ=="],

    "@typescript/native-preview-linux-x64": ["@typescript/native-preview-linux-x64@7.0.0-dev.20260601.1", "", { "os": "linux", "cpu": "x64" }, "sha512-FJUXnaSz8OWZSQiX02Sd51pXQSpZEHvkChuM/UxTsJ1kfRCzx59jB5fmN3JLiRoUizJIa0rhxu/+YA+/c/euqw=="],

    "@typescript/native-preview-win32-arm64": ["@typescript/native-preview-win32-arm64@7.0.0-dev.20260601.1", "", { "os": "win32", "cpu": "arm64" }, "sha512-tzc4eMCpdu+rHKxNUzWclm107WoCIbbcYrDg5DU5/07Wk5QlXG6bXsaKILpXxA60tyseVLbRe4wv6Ww79X7EgA=="],

    "@typescript/native-preview-win32-x64": ["@typescript/native-preview-win32-x64@7.0.0-dev.20260601.1", "", { "os": "win32", "cpu": "x64" }, "sha512-H0YctU7f48BpxTaGTdK7f1UT5+1EY6pg7vMK9zBQXVhc8wSrCpQg4O/rf7kM8vyLUsC/pJpTE5OLUlxk+addCg=="],

    "bun-types": ["bun-types@1.3.14", "", { "dependencies": { "@types/node": "*" } }, "sha512-4N0ig0fEomHt5R0KCFWjovxow98rIoRwKolrYdCcknNwMekCXRnWEUvgu5soYV8QXtVsrUD8B95MBOZGPvr6KQ=="],

    "undici-types": ["undici-types@7.24.6", "", {}, "sha512-WRNW+sJgj5OBN4/0JpHFqtqzhpbnV0GuB+OozA9gCL7a993SmU+1JBZCzLNxYsbMfIeDL+lTsphD5jN5N+n0zg=="],

    "vscode-jsonrpc": ["vscode-jsonrpc@8.2.0", "", {}, "sha512-C+r0eKJUIfiDIfwJhria30+TYWPtuHJXHtI7J0YlOmKAo7ogxP20T0zxB7HZQIFhIyvoBPwWskjxrvAtfjyZfA=="],

    "vscode-languageserver-protocol": ["vscode-languageserver-protocol@3.17.5", "", { "dependencies": { "vscode-jsonrpc": "8.2.0", "vscode-languageserver-types": "3.17.5" } }, "sha512-mb1bvRJN8SVznADSGWM9u/b07H7Ecg0I3OgXDuLdn307rl/J3A9YD6/eYOssqhecL27hK1IPZAsaqh00i/Jljg=="],

    "vscode-languageserver-types": ["vscode-languageserver-types@3.17.5", "", {}, "sha512-Ld1VelNuX9pdF39h2Hgaeb5hEZM2Z3jUrrMgWQAu82jMtZp7p3vJT3BzToKtZI7NgQssZje5o0zryOrhQvzQAg=="],
  }
}
